{
  "nodes": {
    "home-manager": {
      "inputs": {
        "nixpkgs": [
          "nixpkgs"
        ]
      },
      "locked": {
        "lastModified": 1752544374,
        "narHash": "sha256-ReX0NG6nIAEtQQjLqeu1vUU2jjZuMlpymNtb4VQYeus=",
        "owner": "nix-community",
        "repo": "home-manager",
        "rev": "2e00ed310c218127e02ffcf28ddd4e0f669fde3e",
        "type": "github"
      },
      "original": {
        "owner": "nix-community",
        "ref": "release-25.05",
        "repo": "home-manager",
        "type": "github"
      }
    },
    "nixpkgs": {
      "locked": {
        "lastModified": 1752436162,
        "narHash": "sha256-Kt1UIPi7kZqkSc5HVj6UY5YLHHEzPBkgpNUByuyxtlw=",
        "owner": "nixos",
        "repo": "nixpkgs",
        "rev": "dfcd5b901dbab46c9c6e80b265648481aafb01f8",
        "type": "github"
      },
      "original": {
        "owner": "nixos",
        "ref": "nixos-25.05",
        "repo": "nixpkgs",
        "type": "github"
      }
    },
    "nixpkgs-unstable": {
      "locked": {
        "lastModified": 1752630491,
        "narHash": "sha256-kNwuyI7uLoYpmAJWINJLfJSR1QVO44/YkQLTvJIFR0w=",
        "owner": "nixos",
        "repo": "nixpkgs",
        "rev": "a646b312bdff3b0ac2d156a30f45bcaa4ee7f409",
        "type": "github"
      },
      "original": {
        "owner": "nixos",
        "ref": "master",
        "repo": "nixpkgs",
        "type": "github"
      }
    },
    "plugins-nvim-jdtls": {
      "flake": false,
      "locked": {
        "lastModified": 1749801683,
        "narHash": "sha256-9E9VUDgGLQ7V0xpiMpjhoNURpctR+WMMqsu2XL3ATZs=",
        "owner": "mfussenegger",
        "repo": "nvim-jdtls",
        "rev": "4d77ff02063cf88963d5cf10683ab1fd15d072de",
        "type": "github"
      },
      "original": {
        "owner": "mfussenegger",
        "repo": "nvim-jdtls",
        "type": "github"
      }
    },
    "root": {
      "inputs": {
        "home-manager": "home-manager",
        "nixpkgs": "nixpkgs",
        "nixpkgs-unstable": "nixpkgs-unstable",
        "plugins-nvim-jdtls": "plugins-nvim-jdtls"
      }
    }
  },
  "root": "root",
  "version": 7
}
